
Microsoft Visual Studio Solution File, Format Version 12.00
# Visual Studio Version 17
VisualStudioVersion = 17.7.34024.191
MinimumVisualStudioVersion = 10.0.40219.1
Project("{FAE04EC0-301F-11D3-BF4B-00C04F79EFBC}") = "NewsMapAPI", "NewsMapAPI\NewsMapAPI.csproj", "{B93D8701-2C83-4139-AD96-8D0E00B5E3BB}"
EndProject
Global
	GlobalSection(SolutionConfigurationPlatforms) = preSolution
		Debug|Any CPU = Debug|Any CPU
		Release|Any CPU = Release|Any CPU
	EndGlobalSection
	GlobalSection(ProjectConfigurationPlatforms) = postSolution
		{B93D8701-2C83-4139-AD96-8D0E00B5E3BB}.Debug|Any CPU.ActiveCfg = Debug|Any CPU
		{B93D8701-2C83-4139-AD96-8D0E00B5E3BB}.Debug|Any CPU.Build.0 = Debug|Any CPU
		{B93D8701-2C83-4139-AD96-8D0E00B5E3BB}.Release|Any CPU.ActiveCfg = Release|Any CPU
		{B93D8701-2C83-4139-AD96-8D0E00B5E3BB}.Release|Any CPU.Build.0 = Release|Any CPU
	EndGlobalSection
	GlobalSection(SolutionProperties) = preSolution
		HideSolutionNode = FALSE
	EndGlobalSection
	GlobalSection(ExtensibilityGlobals) = postSolution
		SolutionGuid = {1E77CA2C-344E-4AC4-B6D0-401AF80E37EE}
	EndGlobalSection
EndGlobal
